// !$*UTF8*$!
{
	archiveVersion = 1;
	classes = {
	};
	objectVersion = 46;
	objects = {

/* Begin PBXBuildFile section */
		1291DF6B5D42E3AD044756F7 /* Pods_Angles.framework in Frameworks */ = {isa = PBXBuildFile; fileRef = CFAAF20A3B5D9572EA1DC38C /* Pods_Angles.framework */; };
		BCC84F6569F6148483A52FD1 /* Pods_AnglesTests.framework in Frameworks */ = {isa = PBXBuildFile; fileRef = A49AD40C7A6346A0F10859CC /* Pods_AnglesTests.framework */; };
		D80495231CCD215100C1CDEA /* AppDelegate.swift in Sources */ = {isa = PBXBuildFile; fileRef = D80495221CCD215100C1CDEA /* AppDelegate.swift */; };
		D80495281CCD215100C1CDEA /* Main.storyboard in Resources */ = {isa = PBXBuildFile; fileRef = D80495261CCD215100C1CDEA /* Main.storyboard */; };
		D804952A1CCD215100C1CDEA /* Assets.xcassets in Resources */ = {isa = PBXBuildFile; fileRef = D80495291CCD215100C1CDEA /* Assets.xcassets */; };
		D804952D1CCD215100C1CDEA /* LaunchScreen.storyboard in Resources */ = {isa = PBXBuildFile; fileRef = D804952B1CCD215100C1CDEA /* LaunchScreen.storyboard */; };
		D80495381CCD215100C1CDEA /* AnglesTests.swift in Sources */ = {isa = PBXBuildFile; fileRef = D80495371CCD215100C1CDEA /* AnglesTests.swift */; };
		D80495431CCD2A2200C1CDEA /* VideoTableViewCell.swift in Sources */ = {isa = PBXBuildFile; fileRef = D80495421CCD2A2200C1CDEA /* VideoTableViewCell.swift */; };
		D80495451CCD2E2400C1CDEA /* VideoTableViewController.swift in Sources */ = {isa = PBXBuildFile; fileRef = D80495441CCD2E2400C1CDEA /* VideoTableViewController.swift */; };
		D80495471CCD2E6E00C1CDEA /* Video.swift in Sources */ = {isa = PBXBuildFile; fileRef = D80495461CCD2E6E00C1CDEA /* Video.swift */; };
		D80495491CD7F1CA00C1CDEA /* FramesViewController.swift in Sources */ = {isa = PBXBuildFile; fileRef = D80495481CD7F1CA00C1CDEA /* FramesViewController.swift */; };
		D804954B1CE007E800C1CDEA /* Frame.swift in Sources */ = {isa = PBXBuildFile; fileRef = D804954A1CE007E800C1CDEA /* Frame.swift */; };
		D804954D1CE8FDED00C1CDEA /* FrameCollectionViewCell.swift in Sources */ = {isa = PBXBuildFile; fileRef = D804954C1CE8FDED00C1CDEA /* FrameCollectionViewCell.swift */; };
		D81BC7AC1E3566FC006E13C6 /* Settings.bundle in Resources */ = {isa = PBXBuildFile; fileRef = D81BC7AB1E3566FC006E13C6 /* Settings.bundle */; };
		D85730351D31B1B1004CF17B /* Math.swift in Sources */ = {isa = PBXBuildFile; fileRef = D85730341D31B1B1004CF17B /* Math.swift */; };
/* End PBXBuildFile section */

/* Begin PBXContainerItemProxy section */
		D80495341CCD215100C1CDEA /* PBXContainerItemProxy */ = {
			isa = PBXContainerItemProxy;
			containerPortal = D80495171CCD215100C1CDEA /* Project object */;
			proxyType = 1;
			remoteGlobalIDString = D804951E1CCD215100C1CDEA;
			remoteInfo = angles;
		};
/* End PBXContainerItemProxy section */

/* Begin PBXFileReference section */
		41313D0F315E377BB5EEFF87 /* Pods-Angles.release.xcconfig */ = {isa = PBXFileReference; includeInIndex = 1; lastKnownFileType = text.xcconfig; name = "Pods-Angles.release.xcconfig"; path = "Pods/Target Support Files/Pods-Angles/Pods-Angles.release.xcconfig"; sourceTree = "<group>"; };
		9D39B641FE60FE2AEDB23CDB /* Pods-Angles.debug.xcconfig */ = {isa = PBXFileReference; includeInIndex = 1; lastKnownFileType = text.xcconfig; name = "Pods-Angles.debug.xcconfig"; path = "Pods/Target Support Files/Pods-Angles/Pods-Angles.debug.xcconfig"; sourceTree = "<group>"; };
		A49AD40C7A6346A0F10859CC /* Pods_AnglesTests.framework */ = {isa = PBXFileReference; explicitFileType = wrapper.framework; includeInIndex = 0; path = Pods_AnglesTests.framework; sourceTree = BUILT_PRODUCTS_DIR; };
		A756DC0BD4A610032EC37D2B /* Pods-AnglesTests.debug.xcconfig */ = {isa = PBXFileReference; includeInIndex = 1; lastKnownFileType = text.xcconfig; name = "Pods-AnglesTests.debug.xcconfig"; path = "Pods/Target Support Files/Pods-AnglesTests/Pods-AnglesTests.debug.xcconfig"; sourceTree = "<group>"; };
		B45EEA89CC95D7ACE0298ADE /* Pods-AnglesTests.release.xcconfig */ = {isa = PBXFileReference; includeInIndex = 1; lastKnownFileType = text.xcconfig; name = "Pods-AnglesTests.release.xcconfig"; path = "Pods/Target Support Files/Pods-AnglesTests/Pods-AnglesTests.release.xcconfig"; sourceTree = "<group>"; };
		CFAAF20A3B5D9572EA1DC38C /* Pods_Angles.framework */ = {isa = PBXFileReference; explicitFileType = wrapper.framework; includeInIndex = 0; path = Pods_Angles.framework; sourceTree = BUILT_PRODUCTS_DIR; };
		D804951F1CCD215100C1CDEA /* Angles.app */ = {isa = PBXFileReference; explicitFileType = wrapper.application; includeInIndex = 0; path = Angles.app; sourceTree = BUILT_PRODUCTS_DIR; };
		D80495221CCD215100C1CDEA /* AppDelegate.swift */ = {isa = PBXFileReference; lastKnownFileType = sourcecode.swift; path = AppDelegate.swift; sourceTree = "<group>"; };
		D80495271CCD215100C1CDEA /* Base */ = {isa = PBXFileReference; lastKnownFileType = file.storyboard; name = Base; path = Base.lproj/Main.storyboard; sourceTree = "<group>"; };
		D80495291CCD215100C1CDEA /* Assets.xcassets */ = {isa = PBXFileReference; lastKnownFileType = folder.assetcatalog; path = Assets.xcassets; sourceTree = "<group>"; };
		D804952C1CCD215100C1CDEA /* Base */ = {isa = PBXFileReference; lastKnownFileType = file.storyboard; name = Base; path = Base.lproj/LaunchScreen.storyboard; sourceTree = "<group>"; };
		D804952E1CCD215100C1CDEA /* Info.plist */ = {isa = PBXFileReference; lastKnownFileType = text.plist.xml; path = Info.plist; sourceTree = "<group>"; };
		D80495331CCD215100C1CDEA /* AnglesTests.xctest */ = {isa = PBXFileReference; explicitFileType = wrapper.cfbundle; includeInIndex = 0; path = AnglesTests.xctest; sourceTree = BUILT_PRODUCTS_DIR; };
		D80495371CCD215100C1CDEA /* AnglesTests.swift */ = {isa = PBXFileReference; lastKnownFileType = sourcecode.swift; path = AnglesTests.swift; sourceTree = "<group>"; };
		D80495391CCD215100C1CDEA /* Info.plist */ = {isa = PBXFileReference; lastKnownFileType = text.plist.xml; path = Info.plist; sourceTree = "<group>"; };
		D80495421CCD2A2200C1CDEA /* VideoTableViewCell.swift */ = {isa = PBXFileReference; fileEncoding = 4; lastKnownFileType = sourcecode.swift; path = VideoTableViewCell.swift; sourceTree = "<group>"; };
		D80495441CCD2E2400C1CDEA /* VideoTableViewController.swift */ = {isa = PBXFileReference; fileEncoding = 4; lastKnownFileType = sourcecode.swift; path = VideoTableViewController.swift; sourceTree = "<group>"; };
		D80495461CCD2E6E00C1CDEA /* Video.swift */ = {isa = PBXFileReference; fileEncoding = 4; lastKnownFileType = sourcecode.swift; path = Video.swift; sourceTree = "<group>"; };
		D80495481CD7F1CA00C1CDEA /* FramesViewController.swift */ = {isa = PBXFileReference; fileEncoding = 4; lastKnownFileType = sourcecode.swift; path = FramesViewController.swift; sourceTree = "<group>"; };
		D804954A1CE007E800C1CDEA /* Frame.swift */ = {isa = PBXFileReference; fileEncoding = 4; lastKnownFileType = sourcecode.swift; path = Frame.swift; sourceTree = "<group>"; };
		D804954C1CE8FDED00C1CDEA /* FrameCollectionViewCell.swift */ = {isa = PBXFileReference; fileEncoding = 4; lastKnownFileType = sourcecode.swift; path = FrameCollectionViewCell.swift; sourceTree = "<group>"; };
		D81BC7AB1E3566FC006E13C6 /* Settings.bundle */ = {isa = PBXFileReference; lastKnownFileType = "wrapper.plug-in"; path = Settings.bundle; sourceTree = "<group>"; };
		D85730341D31B1B1004CF17B /* Math.swift */ = {isa = PBXFileReference; fileEncoding = 4; lastKnownFileType = sourcecode.swift; path = Math.swift; sourceTree = "<group>"; };
/* End PBXFileReference section */

/* Begin PBXFrameworksBuildPhase section */
		D804951C1CCD215100C1CDEA /* Frameworks */ = {
			isa = PBXFrameworksBuildPhase;
			buildActionMask = 2147483647;
			files = (
				1291DF6B5D42E3AD044756F7 /* Pods_Angles.framework in Frameworks */,
			);
			runOnlyForDeploymentPostprocessing = 0;
		};
		D80495301CCD215100C1CDEA /* Frameworks */ = {
			isa = PBXFrameworksBuildPhase;
			buildActionMask = 2147483647;
			files = (
				BCC84F6569F6148483A52FD1 /* Pods_AnglesTests.framework in Frameworks */,
			);
			runOnlyForDeploymentPostprocessing = 0;
		};
/* End PBXFrameworksBuildPhase section */

/* Begin PBXGroup section */
		00E3CCEE2B775D903CCD4FA8 /* Pods */ = {
			isa = PBXGroup;
			children = (
				9D39B641FE60FE2AEDB23CDB /* Pods-Angles.debug.xcconfig */,
				41313D0F315E377BB5EEFF87 /* Pods-Angles.release.xcconfig */,
				A756DC0BD4A610032EC37D2B /* Pods-AnglesTests.debug.xcconfig */,
				B45EEA89CC95D7ACE0298ADE /* Pods-AnglesTests.release.xcconfig */,
			);
			name = Pods;
			sourceTree = "<group>";
		};
		D80495161CCD215100C1CDEA = {
			isa = PBXGroup;
			children = (
				D80495211CCD215100C1CDEA /* Angles */,
				D80495361CCD215100C1CDEA /* AnglesTests */,
				D80495201CCD215100C1CDEA /* Products */,
				00E3CCEE2B775D903CCD4FA8 /* Pods */,
				E289B1ADB4F2D34B4DB00927 /* Frameworks */,
			);
			sourceTree = "<group>";
		};
		D80495201CCD215100C1CDEA /* Products */ = {
			isa = PBXGroup;
			children = (
				D804951F1CCD215100C1CDEA /* Angles.app */,
				D80495331CCD215100C1CDEA /* AnglesTests.xctest */,
			);
			name = Products;
			sourceTree = "<group>";
		};
		D80495211CCD215100C1CDEA /* Angles */ = {
			isa = PBXGroup;
			children = (
				D80495481CD7F1CA00C1CDEA /* FramesViewController.swift */,
				D85730341D31B1B1004CF17B /* Math.swift */,
				D804954A1CE007E800C1CDEA /* Frame.swift */,
				D80495221CCD215100C1CDEA /* AppDelegate.swift */,
				D80495261CCD215100C1CDEA /* Main.storyboard */,
				D80495421CCD2A2200C1CDEA /* VideoTableViewCell.swift */,
				D80495441CCD2E2400C1CDEA /* VideoTableViewController.swift */,
				D80495461CCD2E6E00C1CDEA /* Video.swift */,
				D80495291CCD215100C1CDEA /* Assets.xcassets */,
				D804952B1CCD215100C1CDEA /* LaunchScreen.storyboard */,
				D804952E1CCD215100C1CDEA /* Info.plist */,
				D804954C1CE8FDED00C1CDEA /* FrameCollectionViewCell.swift */,
				D81BC7AB1E3566FC006E13C6 /* Settings.bundle */,
			);
			path = Angles;
			sourceTree = "<group>";
		};
		D80495361CCD215100C1CDEA /* AnglesTests */ = {
			isa = PBXGroup;
			children = (
				D80495371CCD215100C1CDEA /* AnglesTests.swift */,
				D80495391CCD215100C1CDEA /* Info.plist */,
			);
			path = AnglesTests;
			sourceTree = "<group>";
		};
		E289B1ADB4F2D34B4DB00927 /* Frameworks */ = {
			isa = PBXGroup;
			children = (
				CFAAF20A3B5D9572EA1DC38C /* Pods_Angles.framework */,
				A49AD40C7A6346A0F10859CC /* Pods_AnglesTests.framework */,
			);
			name = Frameworks;
			sourceTree = "<group>";
		};
/* End PBXGroup section */

/* Begin PBXNativeTarget section */
		D804951E1CCD215100C1CDEA /* Angles */ = {
			isa = PBXNativeTarget;
			buildConfigurationList = D804953C1CCD215100C1CDEA /* Build configuration list for PBXNativeTarget "Angles" */;
			buildPhases = (
				CD0EB4935E58D538825E2178 /* [CP] Check Pods Manifest.lock */,
				D804951B1CCD215100C1CDEA /* Sources */,
				D804951C1CCD215100C1CDEA /* Frameworks */,
				D804951D1CCD215100C1CDEA /* Resources */,
				9AC51ABE51F79912D88ED9E3 /* [CP] Embed Pods Frameworks */,
				30919FC31583472E4803FFFC /* [CP] Copy Pods Resources */,
			);
			buildRules = (
			);
			dependencies = (
			);
			name = Angles;
			productName = angles;
			productReference = D804951F1CCD215100C1CDEA /* Angles.app */;
			productType = "com.apple.product-type.application";
		};
		D80495321CCD215100C1CDEA /* AnglesTests */ = {
			isa = PBXNativeTarget;
			buildConfigurationList = D804953F1CCD215100C1CDEA /* Build configuration list for PBXNativeTarget "AnglesTests" */;
			buildPhases = (
				FFDCDEF35E30E59E03559557 /* [CP] Check Pods Manifest.lock */,
				D804952F1CCD215100C1CDEA /* Sources */,
				D80495301CCD215100C1CDEA /* Frameworks */,
				D80495311CCD215100C1CDEA /* Resources */,
				0DE63EB50E68AA41AD240708 /* [CP] Embed Pods Frameworks */,
				BB075886E8253235A9EB1264 /* [CP] Copy Pods Resources */,
			);
			buildRules = (
			);
			dependencies = (
				D80495351CCD215100C1CDEA /* PBXTargetDependency */,
			);
			name = AnglesTests;
			productName = anglesTests;
			productReference = D80495331CCD215100C1CDEA /* AnglesTests.xctest */;
			productType = "com.apple.product-type.bundle.unit-test";
		};
/* End PBXNativeTarget section */

/* Begin PBXProject section */
		D80495171CCD215100C1CDEA /* Project object */ = {
			isa = PBXProject;
			attributes = {
				LastSwiftUpdateCheck = 0730;
				LastUpgradeCheck = 1130;
				ORGANIZATIONNAME = Nathan;
				TargetAttributes = {
					D804951E1CCD215100C1CDEA = {
						CreatedOnToolsVersion = 7.3;
						DevelopmentTeam = GX7JH73HD4;
						LastSwiftMigration = 0800;
					};
					D80495321CCD215100C1CDEA = {
						CreatedOnToolsVersion = 7.3;
						TestTargetID = D804951E1CCD215100C1CDEA;
					};
				};
			};
			buildConfigurationList = D804951A1CCD215100C1CDEA /* Build configuration list for PBXProject "Angles" */;
			compatibilityVersion = "Xcode 3.2";
			developmentRegion = en;
			hasScannedForEncodings = 0;
			knownRegions = (
				en,
				Base,
			);
			mainGroup = D80495161CCD215100C1CDEA;
			productRefGroup = D80495201CCD215100C1CDEA /* Products */;
			projectDirPath = "";
			projectRoot = "";
			targets = (
				D804951E1CCD215100C1CDEA /* Angles */,
				D80495321CCD215100C1CDEA /* AnglesTests */,
			);
		};
/* End PBXProject section */

/* Begin PBXResourcesBuildPhase section */
		D804951D1CCD215100C1CDEA /* Resources */ = {
			isa = PBXResourcesBuildPhase;
			buildActionMask = 2147483647;
			files = (
				D81BC7AC1E3566FC006E13C6 /* Settings.bundle in Resources */,
				D804952D1CCD215100C1CDEA /* LaunchScreen.storyboard in Resources */,
				D804952A1CCD215100C1CDEA /* Assets.xcassets in Resources */,
				D80495281CCD215100C1CDEA /* Main.storyboard in Resources */,
			);
			runOnlyForDeploymentPostprocessing = 0;
		};
		D80495311CCD215100C1CDEA /* Resources */ = {
			isa = PBXResourcesBuildPhase;
			buildActionMask = 2147483647;
			files = (
			);
			runOnlyForDeploymentPostprocessing = 0;
		};
/* End PBXResourcesBuildPhase section */

/* Begin PBXShellScriptBuildPhase section */
		0DE63EB50E68AA41AD240708 /* [CP] Embed Pods Frameworks */ = {
			isa = PBXShellScriptBuildPhase;
			buildActionMask = 2147483647;
			files = (
			);
			inputPaths = (
			);
			name = "[CP] Embed Pods Frameworks";
			outputPaths = (
			);
			runOnlyForDeploymentPostprocessing = 0;
			shellPath = /bin/sh;
			shellScript = "\"${SRCROOT}/Pods/Target Support Files/Pods-AnglesTests/Pods-AnglesTests-frameworks.sh\"\n";
			showEnvVarsInLog = 0;
		};
		30919FC31583472E4803FFFC /* [CP] Copy Pods Resources */ = {
			isa = PBXShellScriptBuildPhase;
			buildActionMask = 2147483647;
			files = (
			);
			inputPaths = (
			);
			name = "[CP] Copy Pods Resources";
			outputPaths = (
			);
			runOnlyForDeploymentPostprocessing = 0;
			shellPath = /bin/sh;
			shellScript = "\"${SRCROOT}/Pods/Target Support Files/Pods-Angles/Pods-Angles-resources.sh\"\n";
			showEnvVarsInLog = 0;
		};
		9AC51ABE51F79912D88ED9E3 /* [CP] Embed Pods Frameworks */ = {
			isa = PBXShellScriptBuildPhase;
			buildActionMask = 2147483647;
			files = (
			);
			inputPaths = (
			);
			name = "[CP] Embed Pods Frameworks";
			outputPaths = (
			);
			runOnlyForDeploymentPostprocessing = 0;
			shellPath = /bin/sh;
			shellScript = "\"${SRCROOT}/Pods/Target Support Files/Pods-Angles/Pods-Angles-frameworks.sh\"\n";
			showEnvVarsInLog = 0;
		};
		BB075886E8253235A9EB1264 /* [CP] Copy Pods Resources */ = {
			isa = PBXShellScriptBuildPhase;
			buildActionMask = 2147483647;
			files = (
			);
			inputPaths = (
			);
			name = "[CP] Copy Pods Resources";
			outputPaths = (
			);
			runOnlyForDeploymentPostprocessing = 0;
			shellPath = /bin/sh;
			shellScript = "\"${SRCROOT}/Pods/Target Support Files/Pods-AnglesTests/Pods-AnglesTests-resources.sh\"\n";
			showEnvVarsInLog = 0;
		};
		CD0EB4935E58D538825E2178 /* [CP] Check Pods Manifest.lock */ = {
			isa = PBXShellScriptBuildPhase;
			buildActionMask = 2147483647;
			files = (
			);
			inputPaths = (
			);
			name = "[CP] Check Pods Manifest.lock";
			outputPaths = (
			);
			runOnlyForDeploymentPostprocessing = 0;
			shellPath = /bin/sh;
			shellScript = "diff \"${PODS_ROOT}/../Podfile.lock\" \"${PODS_ROOT}/Manifest.lock\" > /dev/null\nif [[ $? != 0 ]] ; then\n    cat << EOM\nerror: The sandbox is not in sync with the Podfile.lock. Run 'pod install' or update your CocoaPods installation.\nEOM\n    exit 1\nfi\n";
			showEnvVarsInLog = 0;
		};
		FFDCDEF35E30E59E03559557 /* [CP] Check Pods Manifest.lock */ = {
			isa = PBXShellScriptBuildPhase;
			buildActionMask = 2147483647;
			files = (
			);
			inputPaths = (
			);
			name = "[CP] Check Pods Manifest.lock";
			outputPaths = (
			);
			runOnlyForDeploymentPostprocessing = 0;
			shellPath = /bin/sh;
			shellScript = "diff \"${PODS_ROOT}/../Podfile.lock\" \"${PODS_ROOT}/Manifest.lock\" > /dev/null\nif [[ $? != 0 ]] ; then\n    cat << EOM\nerror: The sandbox is not in sync with the Podfile.lock. Run 'pod install' or update your CocoaPods installation.\nEOM\n    exit 1\nfi\n";
			showEnvVarsInLog = 0;
		};
/* End PBXShellScriptBuildPhase section */

/* Begin PBXSourcesBuildPhase section */
		D804951B1CCD215100C1CDEA /* Sources */ = {
			isa = PBXSourcesBuildPhase;
			buildActionMask = 2147483647;
			files = (
				D80495231CCD215100C1CDEA /* AppDelegate.swift in Sources */,
				D804954D1CE8FDED00C1CDEA /* FrameCollectionViewCell.swift in Sources */,
				D80495431CCD2A2200C1CDEA /* VideoTableViewCell.swift in Sources */,
				D80495451CCD2E2400C1CDEA /* VideoTableViewController.swift in Sources */,
				D804954B1CE007E800C1CDEA /* Frame.swift in Sources */,
				D80495471CCD2E6E00C1CDEA /* Video.swift in Sources */,
				D80495491CD7F1CA00C1CDEA /* FramesViewController.swift in Sources */,
				D85730351D31B1B1004CF17B /* Math.swift in Sources */,
			);
			runOnlyForDeploymentPostprocessing = 0;
		};
		D804952F1CCD215100C1CDEA /* Sources */ = {
			isa = PBXSourcesBuildPhase;
			buildActionMask = 2147483647;
			files = (
				D80495381CCD215100C1CDEA /* AnglesTests.swift in Sources */,
			);
			runOnlyForDeploymentPostprocessing = 0;
		};
/* End PBXSourcesBuildPhase section */

/* Begin PBXTargetDependency section */
		D80495351CCD215100C1CDEA /* PBXTargetDependency */ = {
			isa = PBXTargetDependency;
			target = D804951E1CCD215100C1CDEA /* Angles */;
			targetProxy = D80495341CCD215100C1CDEA /* PBXContainerItemProxy */;
		};
/* End PBXTargetDependency section */

/* Begin PBXVariantGroup section */
		D80495261CCD215100C1CDEA /* Main.storyboard */ = {
			isa = PBXVariantGroup;
			children = (
				D80495271CCD215100C1CDEA /* Base */,
			);
			name = Main.storyboard;
			sourceTree = "<group>";
		};
		D804952B1CCD215100C1CDEA /* LaunchScreen.storyboard */ = {
			isa = PBXVariantGroup;
			children = (
				D804952C1CCD215100C1CDEA /* Base */,
			);
			name = LaunchScreen.storyboard;
			sourceTree = "<group>";
		};
/* End PBXVariantGroup section */

/* Begin XCBuildConfiguration section */
		D804953A1CCD215100C1CDEA /* Debug */ = {
			isa = XCBuildConfiguration;
			buildSettings = {
				ALWAYS_SEARCH_USER_PATHS = NO;
				CLANG_ANALYZER_LOCALIZABILITY_NONLOCALIZED = YES;
				CLANG_ANALYZER_NONNULL = YES;
				CLANG_CXX_LANGUAGE_STANDARD = "gnu++0x";
				CLANG_CXX_LIBRARY = "libc++";
				CLANG_ENABLE_MODULES = YES;
				CLANG_ENABLE_OBJC_ARC = YES;
				CLANG_WARN_BLOCK_CAPTURE_AUTORELEASING = YES;
				CLANG_WARN_BOOL_CONVERSION = YES;
				CLANG_WARN_COMMA = YES;
				CLANG_WARN_CONSTANT_CONVERSION = YES;
				CLANG_WARN_DEPRECATED_OBJC_IMPLEMENTATIONS = YES;
				CLANG_WARN_DIRECT_OBJC_ISA_USAGE = YES_ERROR;
				CLANG_WARN_EMPTY_BODY = YES;
				CLANG_WARN_ENUM_CONVERSION = YES;
				CLANG_WARN_INFINITE_RECURSION = YES;
				CLANG_WARN_INT_CONVERSION = YES;
				CLANG_WARN_NON_LITERAL_NULL_CONVERSION = YES;
				CLANG_WARN_OBJC_IMPLICIT_RETAIN_SELF = YES;
				CLANG_WARN_OBJC_LITERAL_CONVERSION = YES;
				CLANG_WARN_OBJC_ROOT_CLASS = YES_ERROR;
				CLANG_WARN_RANGE_LOOP_ANALYSIS = YES;
				CLANG_WARN_STRICT_PROTOTYPES = YES;
				CLANG_WARN_SUSPICIOUS_MOVE = YES;
				CLANG_WARN_UNREACHABLE_CODE = YES;
				CLANG_WARN__DUPLICATE_METHOD_MATCH = YES;
				"CODE_SIGN_IDENTITY[sdk=iphoneos*]" = "iPhone Developer";
				COPY_PHASE_STRIP = NO;
				DEBUG_INFORMATION_FORMAT = dwarf;
				ENABLE_STRICT_OBJC_MSGSEND = YES;
				ENABLE_TESTABILITY = YES;
				GCC_C_LANGUAGE_STANDARD = gnu99;
				GCC_DYNAMIC_NO_PIC = NO;
				GCC_NO_COMMON_BLOCKS = YES;
				GCC_OPTIMIZATION_LEVEL = 0;
				GCC_PREPROCESSOR_DEFINITIONS = (
					"DEBUG=1",
					"$(inherited)",
				);
				GCC_WARN_64_TO_32_BIT_CONVERSION = YES;
				GCC_WARN_ABOUT_RETURN_TYPE = YES_ERROR;
				GCC_WARN_UNDECLARED_SELECTOR = YES;
				GCC_WARN_UNINITIALIZED_AUTOS = YES_AGGRESSIVE;
				GCC_WARN_UNUSED_FUNCTION = YES;
				GCC_WARN_UNUSED_VARIABLE = YES;
				IPHONEOS_DEPLOYMENT_TARGET = 9.3;
				MTL_ENABLE_DEBUG_INFO = YES;
				ONLY_ACTIVE_ARCH = YES;
				SDKROOT = iphoneos;
				SWIFT_OPTIMIZATION_LEVEL = "-Onone";
				SWIFT_VERSION = 5.0;
				TARGETED_DEVICE_FAMILY = "1,2";
			};
			name = Debug;
		};
		D804953B1CCD215100C1CDEA /* Release */ = {
			isa = XCBuildConfiguration;
			buildSettings = {
				ALWAYS_SEARCH_USER_PATHS = NO;
				CLANG_ANALYZER_LOCALIZABILITY_NONLOCALIZED = YES;
				CLANG_ANALYZER_NONNULL = YES;
				CLANG_CXX_LANGUAGE_STANDARD = "gnu++0x";
				CLANG_CXX_LIBRARY = "libc++";
				CLANG_ENABLE_MODULES = YES;
				CLANG_ENABLE_OBJC_ARC = YES;
				CLANG_WARN_BLOCK_CAPTURE_AUTORELEASING = YES;
				CLANG_WARN_BOOL_CONVERSION = YES;
				CLANG_WARN_COMMA = YES;
				CLANG_WARN_CONSTANT_CONVERSION = YES;
				CLANG_WARN_DEPRECATED_OBJC_IMPLEMENTATIONS = YES;
				CLANG_WARN_DIRECT_OBJC_ISA_USAGE = YES_ERROR;
				CLANG_WARN_EMPTY_BODY = YES;
				CLANG_WARN_ENUM_CONVERSION = YES;
				CLANG_WARN_INFINITE_RECURSION = YES;
				CLANG_WARN_INT_CONVERSION = YES;
				CLANG_WARN_NON_LITERAL_NULL_CONVERSION = YES;
				CLANG_WARN_OBJC_IMPLICIT_RETAIN_SELF = YES;
				CLANG_WARN_OBJC_LITERAL_CONVERSION = YES;
				CLANG_WARN_OBJC_ROOT_CLASS = YES_ERROR;
				CLANG_WARN_RANGE_LOOP_ANALYSIS = YES;
				CLANG_WARN_STRICT_PROTOTYPES = YES;
				CLANG_WARN_SUSPICIOUS_MOVE = YES;
				CLANG_WARN_UNREACHABLE_CODE = YES;
				CLANG_WARN__DUPLICATE_METHOD_MATCH = YES;
				"CODE_SIGN_IDENTITY[sdk=iphoneos*]" = "iPhone Developer";
				COPY_PHASE_STRIP = NO;
				DEBUG_INFORMATION_FORMAT = "dwarf-with-dsym";
				ENABLE_NS_ASSERTIONS = NO;
				ENABLE_STRICT_OBJC_MSGSEND = YES;
				GCC_C_LANGUAGE_STANDARD = gnu99;
				GCC_NO_COMMON_BLOCKS = YES;
				GCC_WARN_64_TO_32_BIT_CONVERSION = YES;
				GCC_WARN_ABOUT_RETURN_TYPE = YES_ERROR;
				GCC_WARN_UNDECLARED_SELECTOR = YES;
				GCC_WARN_UNINITIALIZED_AUTOS = YES_AGGRESSIVE;
				GCC_WARN_UNUSED_FUNCTION = YES;
				GCC_WARN_UNUSED_VARIABLE = YES;
				IPHONEOS_DEPLOYMENT_TARGET = 9.3;
				MTL_ENABLE_DEBUG_INFO = NO;
				SDKROOT = iphoneos;
				SWIFT_OPTIMIZATION_LEVEL = "-Owholemodule";
				SWIFT_VERSION = 5.0;
				TARGETED_DEVICE_FAMILY = "1,2";
				VALIDATE_PRODUCT = YES;
			};
			name = Release;
		};
		D804953D1CCD215100C1CDEA /* Debug */ = {
			isa = XCBuildConfiguration;
			baseConfigurationReference = 9D39B641FE60FE2AEDB23CDB /* Pods-Angles.debug.xcconfig */;
			buildSettings = {
				ASSETCATALOG_COMPILER_APPICON_NAME = AppIcon;
				CODE_SIGN_IDENTITY = "iPhone Developer";
				DEVELOPMENT_TEAM = GX7JH73HD4;
				INFOPLIST_FILE = angles/Info.plist;
				IPHONEOS_DEPLOYMENT_TARGET = 9.3;
				LD_RUNPATH_SEARCH_PATHS = "$(inherited) @executable_path/Frameworks";
				MARKETING_VERSION = 1.6;
				PRODUCT_BUNDLE_IDENTIFIER = info.nathancochran.angles;
				PRODUCT_NAME = Angles;
				SWIFT_OBJC_BRIDGING_HEADER = "";
				SWIFT_VERSION = 5.0;
				TARGETED_DEVICE_FAMILY = "1,2";
				USER_HEADER_SEARCH_PATHS = "";
			};
			name = Debug;
		};
		D804953E1CCD215100C1CDEA /* Release */ = {
			isa = XCBuildConfiguration;
			baseConfigurationReference = 41313D0F315E377BB5EEFF87 /* Pods-Angles.release.xcconfig */;
			buildSettings = {
				ASSETCATALOG_COMPILER_APPICON_NAME = AppIcon;
				CODE_SIGN_IDENTITY = "iPhone Developer";
				DEVELOPMENT_TEAM = GX7JH73HD4;
				INFOPLIST_FILE = angles/Info.plist;
				IPHONEOS_DEPLOYMENT_TARGET = 9.3;
				LD_RUNPATH_SEARCH_PATHS = "$(inherited) @executable_path/Frameworks";
				MARKETING_VERSION = 1.6;
				PRODUCT_BUNDLE_IDENTIFIER = info.nathancochran.angles;
				PRODUCT_NAME = Angles;
				SWIFT_OBJC_BRIDGING_HEADER = "";
				SWIFT_VERSION = 5.0;
				TARGETED_DEVICE_FAMILY = "1,2";
				USER_HEADER_SEARCH_PATHS = "";
			};
			name = Release;
		};
		D80495401CCD215100C1CDEA /* Debug */ = {
			isa = XCBuildConfiguration;
			baseConfigurationReference = A756DC0BD4A610032EC37D2B /* Pods-AnglesTests.debug.xcconfig */;
			buildSettings = {
				BUNDLE_LOADER = "$(TEST_HOST)";
				INFOPLIST_FILE = anglesTests/Info.plist;
				LD_RUNPATH_SEARCH_PATHS = "$(inherited) @executable_path/Frameworks @loader_path/Frameworks";
				PRODUCT_BUNDLE_IDENTIFIER = info.nathancochran.anglesTests;
				PRODUCT_NAME = AnglesTests;
				TEST_HOST = "$(BUILT_PRODUCTS_DIR)/Angles.app/Angles";
			};
			name = Debug;
		};
		D80495411CCD215100C1CDEA /* Release */ = {
			isa = XCBuildConfiguration;
			baseConfigurationReference = B45EEA89CC95D7ACE0298ADE /* Pods-AnglesTests.release.xcconfig */;
			buildSettings = {
				BUNDLE_LOADER = "$(TEST_HOST)";
				INFOPLIST_FILE = anglesTests/Info.plist;
				LD_RUNPATH_SEARCH_PATHS = "$(inherited) @executable_path/Frameworks @loader_path/Frameworks";
				PRODUCT_BUNDLE_IDENTIFIER = info.nathancochran.anglesTests;
				PRODUCT_NAME = AnglesTests;
				TEST_HOST = "$(BUILT_PRODUCTS_DIR)/Angles.app/Angles";
			};
			name = Release;
		};
/* End XCBuildConfiguration section */

/* Begin XCConfigurationList section */
		D804951A1CCD215100C1CDEA /* Build configuration list for PBXProject "Angles" */ = {
			isa = XCConfigurationList;
			buildConfigurations = (
				D804953A1CCD215100C1CDEA /* Debug */,
				D804953B1CCD215100C1CDEA /* Release */,
			);
			defaultConfigurationIsVisible = 0;
			defaultConfigurationName = Release;
		};
		D804953C1CCD215100C1CDEA /* Build configuration list for PBXNativeTarget "Angles" */ = {
			isa = XCConfigurationList;
			buildConfigurations = (
				D804953D1CCD215100C1CDEA /* Debug */,
				D804953E1CCD215100C1CDEA /* Release */,
			);
			defaultConfigurationIsVisible = 0;
			defaultConfigurationName = Release;
		};
		D804953F1CCD215100C1CDEA /* Build configuration list for PBXNativeTarget "AnglesTests" */ = {
			isa = XCConfigurationList;
			buildConfigurations = (
				D80495401CCD215100C1CDEA /* Debug */,
				D80495411CCD215100C1CDEA /* Release */,
			);
			defaultConfigurationIsVisible = 0;
			defaultConfigurationName = Release;
		};
/* End XCConfigurationList section */
	};
	rootObject = D80495171CCD215100C1CDEA /* Project object */;
}
